
Microsoft Visual Studio Solution File, Format Version 12.00
# Visual Studio Version 16
VisualStudioVersion = 16.0.29820.132
MinimumVisualStudioVersion = 10.0.40219.1
Project("{FAE04EC0-301F-11D3-BF4B-00C04F79EFBC}") = "WebMvcCore", "WebMvcCore\WebMvcCore.csproj", "{AC3FD7F7-E427-4B98-BF53-AC97AB1E6691}"
EndProject
Project("{2150E333-8FDC-42A3-9474-1A3956D46DE8}") = "Exemples", "Exemples", "{D09F66CE-9A88-43AC-AA29-B8840E494158}"
EndProject
Project("{FAE04EC0-301F-11D3-BF4B-00C04F79EFBC}") = "Jeuxdontestlehero.Web.UI", "Jeuxdontestlehero.Web.UI\Jeuxdontestlehero.Web.UI.csproj", "{58050299-6842-415C-81A4-749EB5ED7A2F}"
EndProject
Project("{FAE04EC0-301F-11D3-BF4B-00C04F79EFBC}") = "DecouvertForEach", "DecouvertForEach\DecouvertForEach.csproj", "{7CCD6E90-4DB4-4F69-A075-6CEE821CF136}"
EndProject
Global
	GlobalSection(SolutionConfigurationPlatforms) = preSolution
		Debug|Any CPU = Debug|Any CPU
		Release|Any CPU = Release|Any CPU
	EndGlobalSection
	GlobalSection(ProjectConfigurationPlatforms) = postSolution
		{AC3FD7F7-E427-4B98-BF53-AC97AB1E6691}.Debug|Any CPU.ActiveCfg = Debug|Any CPU
		{AC3FD7F7-E427-4B98-BF53-AC97AB1E6691}.Debug|Any CPU.Build.0 = Debug|Any CPU
		{AC3FD7F7-E427-4B98-BF53-AC97AB1E6691}.Release|Any CPU.ActiveCfg = Release|Any CPU
		{AC3FD7F7-E427-4B98-BF53-AC97AB1E6691}.Release|Any CPU.Build.0 = Release|Any CPU
		{58050299-6842-415C-81A4-749EB5ED7A2F}.Debug|Any CPU.ActiveCfg = Debug|Any CPU
		{58050299-6842-415C-81A4-749EB5ED7A2F}.Debug|Any CPU.Build.0 = Debug|Any CPU
		{58050299-6842-415C-81A4-749EB5ED7A2F}.Release|Any CPU.ActiveCfg = Release|Any CPU
		{58050299-6842-415C-81A4-749EB5ED7A2F}.Release|Any CPU.Build.0 = Release|Any CPU
		{7CCD6E90-4DB4-4F69-A075-6CEE821CF136}.Debug|Any CPU.ActiveCfg = Debug|Any CPU
		{7CCD6E90-4DB4-4F69-A075-6CEE821CF136}.Debug|Any CPU.Build.0 = Debug|Any CPU
		{7CCD6E90-4DB4-4F69-A075-6CEE821CF136}.Release|Any CPU.ActiveCfg = Release|Any CPU
		{7CCD6E90-4DB4-4F69-A075-6CEE821CF136}.Release|Any CPU.Build.0 = Release|Any CPU
	EndGlobalSection
	GlobalSection(SolutionProperties) = preSolution
		HideSolutionNode = FALSE
	EndGlobalSection
	GlobalSection(NestedProjects) = preSolution
		{AC3FD7F7-E427-4B98-BF53-AC97AB1E6691} = {D09F66CE-9A88-43AC-AA29-B8840E494158}
		{7CCD6E90-4DB4-4F69-A075-6CEE821CF136} = {D09F66CE-9A88-43AC-AA29-B8840E494158}
	EndGlobalSection
	GlobalSection(ExtensibilityGlobals) = postSolution
		SolutionGuid = {52E4DDC2-5B50-4C7C-A88B-ABF06BDC9498}
	EndGlobalSection
EndGlobal
